{
  "name": "AI-Workflow-CLI",
  "lockfileVersion": 3,
  "requires": true,
  "packages": {
    "": {
      "dependencies": {
        "zod": "^4.3.6"
      },
      "devDependencies": {
        "@biomejs/biome": "^2.4.3",
        "@types/node": "^25.3.3",
        "bun-types": "^1.3.9"
      }
    },
    "node_modules/@biomejs/biome": {
      "version": "2.4.3",
      "resolved": "https://registry.npmjs.org/@biomejs/biome/-/biome-2.4.3.tgz",
      "integrity": "sha512-cBrjf6PNF6yfL8+kcNl85AjiK2YHNsbU0EvDOwiZjBPbMbQ5QcgVGFpjD0O52p8nec5O8NYw7PKw3xUR7fPAkQ==",
      "dev": true,
      "license": "MIT OR Apache-2.0",
      "bin": {
        "biome": "bin/biome"
      },
      "engines": {
        "node": ">=14.21.3"
      },
      "funding": {
        "type": "opencollective",
        "url": "https://opencollective.com/biome"
      },
      "optionalDependencies": {
        "@biomejs/cli-darwin-arm64": "2.4.3",
        "@biomejs/cli-darwin-x64": "2.4.3",
        "@biomejs/cli-linux-arm64": "2.4.3",
        "@biomejs/cli-linux-arm64-musl": "2.4.3",
        "@biomejs/cli-linux-x64": "2.4.3",
        "@biomejs/cli-linux-x64-musl": "2.4.3",
        "@biomejs/cli-win32-arm64": "2.4.3",
        "@biomejs/cli-win32-x64": "2.4.3"
      }
    },
    "node_modules/@biomejs/cli-darwin-arm64": {
      "version": "2.4.3",
      "resolved": "https://registry.npmjs.org/@biomejs/cli-darwin-arm64/-/cli-darwin-arm64-2.4.3.tgz",
      "integrity": "sha512-eOafSFlI/CF4id2tlwq9CVHgeEqvTL5SrhWff6ZORp6S3NL65zdsR3ugybItkgF8Pf4D9GSgtbB6sE3UNgOM9w==",
      "cpu": [
        "arm64"
      ],
      "dev": true,
      "license": "MIT OR Apache-2.0",
      "optional": true,
      "os": [
        "darwin"
      ],
      "engines": {
        "node": ">=14.21.3"
      }
    },
    "node_modules/@biomejs/cli-darwin-x64": {
      "version": "2.4.3",
      "resolved": "https://registry.npmjs.org/@biomejs/cli-darwin-x64/-/cli-darwin-x64-2.4.3.tgz",
      "integrity": "sha512-V2+av4ilbWcBMNufTtMMXVW00nPwyIjI5qf7n9wSvUaZ+tt0EvMGk46g9sAFDJBEDOzSyoRXiSP6pCvKTOEbPA==",
      "cpu": [
        "x64"
      ],
      "dev": true,
      "license": "MIT OR Apache-2.0",
      "optional": true,
      "os": [
        "darwin"
      ],
      "engines": {
        "node": ">=14.21.3"
      }
    },
    "node_modules/@biomejs/cli-linux-arm64": {
      "version": "2.4.3",
      "resolved": "https://registry.npmjs.org/@biomejs/cli-linux-arm64/-/cli-linux-arm64-2.4.3.tgz",
      "integrity": "sha512-0m+O0x9FgK99FAwDK+fiDtjs2wnqq7bvfj17KJVeCkTwT/liI+Q9njJG7lwXK0iSJVXeFNRIxukpVI3SifMYAA==",
      "cpu": [
        "arm64"
      ],
      "dev": true,
      "license": "MIT OR Apache-2.0",
      "optional": true,
      "os": [
        "linux"
      ],
      "engines": {
        "node": ">=14.21.3"
      }
    },
    "node_modules/@biomejs/cli-linux-arm64-musl": {
      "version": "2.4.3",
      "resolved": "https://registry.npmjs.org/@biomejs/cli-linux-arm64-musl/-/cli-linux-arm64-musl-2.4.3.tgz",
      "integrity": "sha512-QuFzvsGo8BA4Xm7jGX5idkw6BqFblcCPySMTvq0AhGYnhUej5VJIDJbmTKfHqwjHepZiC4fA+T5i6wmiZolZNw==",
      "cpu": [
        "arm64"
      ],
      "dev": true,
      "license": "MIT OR Apache-2.0",
      "optional": true,
      "os": [
        "linux"
      ],
      "engines": {
        "node": ">=14.21.3"
      }
    },
    "node_modules/@biomejs/cli-linux-x64": {
      "version": "2.4.3",
      "resolved": "https://registry.npmjs.org/@biomejs/cli-linux-x64/-/cli-linux-x64-2.4.3.tgz",
      "integrity": "sha512-NVqh0saIU0u5OfOp/0jFdlKRE59+XyMvWmtx0f6Nm/2OpdxBl04coRIftBbY9d1gfu+23JVv4CItAqPYrjYh5w==",
      "cpu": [
        "x64"
      ],
      "dev": true,
      "license": "MIT OR Apache-2.0",
      "optional": true,
      "os": [
        "linux"
      ],
      "engines": {
        "node": ">=14.21.3"
      }
    },
    "node_modules/@biomejs/cli-linux-x64-musl": {
      "version": "2.4.3",
      "resolved": "https://registry.npmjs.org/@biomejs/cli-linux-x64-musl/-/cli-linux-x64-musl-2.4.3.tgz",
      "integrity": "sha512-qEc0OCpj/uytruQ4wLM0yWNJLZy0Up8H1Er5MW3SrstqM6J2d4XqdNA86xzCy8MQCHpoVZ3lFye3GBlIL4/ljw==",
      "cpu": [
        "x64"
      ],
      "dev": true,
      "license": "MIT OR Apache-2.0",
      "optional": true,
      "os": [
        "linux"
      ],
      "engines": {
        "node": ">=14.21.3"
      }
    },
    "node_modules/@biomejs/cli-win32-arm64": {
      "version": "2.4.3",
      "resolved": "https://registry.npmjs.org/@biomejs/cli-win32-arm64/-/cli-win32-arm64-2.4.3.tgz",
      "integrity": "sha512-gRO96vrIARilv/Cp2ZnmNNL5LSZg3RO75GPp13hsLO3N4YVpE7saaMDp2bcyV48y2N2Pbit1brkGVGta0yd6VQ==",
      "cpu": [
        "arm64"
      ],
      "dev": true,
      "license": "MIT OR Apache-2.0",
      "optional": true,
      "os": [
        "win32"
      ],
      "engines": {
        "node": ">=14.21.3"
      }
    },
    "node_modules/@biomejs/cli-win32-x64": {
      "version": "2.4.3",
      "resolved": "https://registry.npmjs.org/@biomejs/cli-win32-x64/-/cli-win32-x64-2.4.3.tgz",
      "integrity": "sha512-vSm/vOJe06pf14aGHfHl3Ar91Nlx4YYmohElDJ+17UbRwe99n987S/MhAlQOkONqf1utJor04ChkCPmKb8SWdw==",
      "cpu": [
        "x64"
      ],
      "dev": true,
      "license": "MIT OR Apache-2.0",
      "optional": true,
      "os": [
        "win32"
      ],
      "engines": {
        "node": ">=14.21.3"
      }
    },
    "node_modules/@types/node": {
      "version": "25.3.3",
      "resolved": "https://registry.npmjs.org/@types/node/-/node-25.3.3.tgz",
      "integrity": "sha512-DpzbrH7wIcBaJibpKo9nnSQL0MTRdnWttGyE5haGwK86xgMOkFLp7vEyfQPGLOJh5wNYiJ3V9PmUMDhV9u8kkQ==",
      "dev": true,
      "license": "MIT",
      "dependencies": {
        "undici-types": "~7.18.0"
      }
    },
    "node_modules/bun-types": {
      "version": "1.3.10",
      "resolved": "https://registry.npmjs.org/bun-types/-/bun-types-1.3.10.tgz",
      "integrity": "sha512-tcpfCCl6XWo6nCVnpcVrxQ+9AYN1iqMIzgrSKYMB/fjLtV2eyAVEg7AxQJuCq/26R6HpKWykQXuSOq/21RYcbg==",
      "dev": true,
      "license": "MIT",
      "dependencies": {
        "@types/node": "*"
      }
    },
    "node_modules/undici-types": {
      "version": "7.18.2",
      "resolved": "https://registry.npmjs.org/undici-types/-/undici-types-7.18.2.tgz",
      "integrity": "sha512-AsuCzffGHJybSaRrmr5eHr81mwJU3kjw6M+uprWvCXiNeN9SOGwQ3Jn8jb8m3Z6izVgknn1R0FTCEAP2QrLY/w==",
      "dev": true,
      "license": "MIT"
    },
    "node_modules/zod": {
      "version": "4.3.6",
      "resolved": "https://registry.npmjs.org/zod/-/zod-4.3.6.tgz",
      "integrity": "sha512-rftlrkhHZOcjDwkGlnUtZZkvaPHCsDATp4pGpuOOMDaTdDDXF91wuVDJoWoPsKX/3YPQ5fHuF3STjcYyKr+Qhg==",
      "license": "MIT",
      "funding": {
        "url": "https://github.com/sponsors/colinhacks"
      }
    }
  }
}
